// !$*UTF8*$!
{
	archiveVersion = 1;
	classes = {
	};
	objectVersion = 56;
	objects = {

/* Begin PBXBuildFile section */
		9425518E2A2504A7005B6BF7 /* AppDelegate.swift in Sources */ = {isa = PBXBuildFile; fileRef = 9425518D2A2504A7005B6BF7 /* AppDelegate.swift */; };
		942551902A2504A7005B6BF7 /* SceneDelegate.swift in Sources */ = {isa = PBXBuildFile; fileRef = 9425518F2A2504A7005B6BF7 /* SceneDelegate.swift */; };
		942551952A2504A7005B6BF7 /* Main.storyboard in Resources */ = {isa = PBXBuildFile; fileRef = 942551932A2504A7005B6BF7 /* Main.storyboard */; };
		942551972A2504A8005B6BF7 /* Assets.xcassets in Resources */ = {isa = PBXBuildFile; fileRef = 942551962A2504A8005B6BF7 /* Assets.xcassets */; };
		9425519A2A2504A8005B6BF7 /* LaunchScreen.storyboard in Resources */ = {isa = PBXBuildFile; fileRef = 942551982A2504A8005B6BF7 /* LaunchScreen.storyboard */; };
		946175CF2A2B5DB0008B5866 /* progress.otf in Resources */ = {isa = PBXBuildFile; fileRef = 946175CE2A2B5DB0008B5866 /* progress.otf */; };
		94F13C012A25EC27008D93AC /* List.storyboard in Resources */ = {isa = PBXBuildFile; fileRef = 94F13C002A25EC27008D93AC /* List.storyboard */; };
		94FFAFFA2A25EFEA000AFEF4 /* Food.swift in Sources */ = {isa = PBXBuildFile; fileRef = 94FFAFF92A25EFEA000AFEF4 /* Food.swift */; };
		94FFAFFD2A25F0DB000AFEF4 /* Colors.swift in Sources */ = {isa = PBXBuildFile; fileRef = 94FFAFFC2A25F0DB000AFEF4 /* Colors.swift */; };
		94FFAFFF2A2766E6000AFEF4 /* ListTableViewController.swift in Sources */ = {isa = PBXBuildFile; fileRef = 94FFAFFE2A2766E6000AFEF4 /* ListTableViewController.swift */; };
		94FFB0012A277EA6000AFEF4 /* Intro.otf in Resources */ = {isa = PBXBuildFile; fileRef = 94FFB0002A277EA6000AFEF4 /* Intro.otf */; };
		94FFB0032A278281000AFEF4 /* InfoAbout.storyboard in Resources */ = {isa = PBXBuildFile; fileRef = 94FFB0022A278281000AFEF4 /* InfoAbout.storyboard */; };
		94FFB0052A27829D000AFEF4 /* InfoAboutViewController.swift in Sources */ = {isa = PBXBuildFile; fileRef = 94FFB0042A27829D000AFEF4 /* InfoAboutViewController.swift */; };
		94FFB0082A286E72000AFEF4 /* centurygothic.ttf in Resources */ = {isa = PBXBuildFile; fileRef = 94FFB0072A286E72000AFEF4 /* centurygothic.ttf */; };
		94FFB00A2A28F54E000AFEF4 /* MainViewController.swift in Sources */ = {isa = PBXBuildFile; fileRef = 94FFB0092A28F54E000AFEF4 /* MainViewController.swift */; };
/* End PBXBuildFile section */

/* Begin PBXFileReference section */
		9425518A2A2504A7005B6BF7 /* BAZABUN.app */ = {isa = PBXFileReference; explicitFileType = wrapper.application; includeInIndex = 0; path = BAZABUN.app; sourceTree = BUILT_PRODUCTS_DIR; };
		9425518D2A2504A7005B6BF7 /* AppDelegate.swift */ = {isa = PBXFileReference; lastKnownFileType = sourcecode.swift; path = AppDelegate.swift; sourceTree = "<group>"; };
		9425518F2A2504A7005B6BF7 /* SceneDelegate.swift */ = {isa = PBXFileReference; lastKnownFileType = sourcecode.swift; path = SceneDelegate.swift; sourceTree = "<group>"; };
		942551942A2504A7005B6BF7 /* Base */ = {isa = PBXFileReference; lastKnownFileType = file.storyboard; name = Base; path = Base.lproj/Main.storyboard; sourceTree = "<group>"; };
		942551962A2504A8005B6BF7 /* Assets.xcassets */ = {isa = PBXFileReference; lastKnownFileType = folder.assetcatalog; path = Assets.xcassets; sourceTree = "<group>"; };
		942551992A2504A8005B6BF7 /* Base */ = {isa = PBXFileReference; lastKnownFileType = file.storyboard; name = Base; path = Base.lproj/LaunchScreen.storyboard; sourceTree = "<group>"; };
		9425519B2A2504A8005B6BF7 /* Info.plist */ = {isa = PBXFileReference; lastKnownFileType = text.plist.xml; path = Info.plist; sourceTree = "<group>"; };
		946175CE2A2B5DB0008B5866 /* progress.otf */ = {isa = PBXFileReference; lastKnownFileType = file; path = progress.otf; sourceTree = "<group>"; };
		94F13C002A25EC27008D93AC /* List.storyboard */ = {isa = PBXFileReference; lastKnownFileType = file.storyboard; path = List.storyboard; sourceTree = "<group>"; };
		94FFAFF92A25EFEA000AFEF4 /* Food.swift */ = {isa = PBXFileReference; lastKnownFileType = sourcecode.swift; path = Food.swift; sourceTree = "<group>"; };
		94FFAFFC2A25F0DB000AFEF4 /* Colors.swift */ = {isa = PBXFileReference; lastKnownFileType = sourcecode.swift; path = Colors.swift; sourceTree = "<group>"; };
		94FFAFFE2A2766E6000AFEF4 /* ListTableViewController.swift */ = {isa = PBXFileReference; lastKnownFileType = sourcecode.swift; path = ListTableViewController.swift; sourceTree = "<group>"; };
		94FFB0002A277EA6000AFEF4 /* Intro.otf */ = {isa = PBXFileReference; lastKnownFileType = file; path = Intro.otf; sourceTree = "<group>"; };
		94FFB0022A278281000AFEF4 /* InfoAbout.storyboard */ = {isa = PBXFileReference; lastKnownFileType = file.storyboard; path = InfoAbout.storyboard; sourceTree = "<group>"; };
		94FFB0042A27829D000AFEF4 /* InfoAboutViewController.swift */ = {isa = PBXFileReference; lastKnownFileType = sourcecode.swift; path = InfoAboutViewController.swift; sourceTree = "<group>"; };
		94FFB0072A286E72000AFEF4 /* centurygothic.ttf */ = {isa = PBXFileReference; lastKnownFileType = file; path = centurygothic.ttf; sourceTree = "<group>"; };
		94FFB0092A28F54E000AFEF4 /* MainViewController.swift */ = {isa = PBXFileReference; lastKnownFileType = sourcecode.swift; path = MainViewController.swift; sourceTree = "<group>"; };
/* End PBXFileReference section */

/* Begin PBXFrameworksBuildPhase section */
		942551872A2504A7005B6BF7 /* Frameworks */ = {
			isa = PBXFrameworksBuildPhase;
			buildActionMask = 2147483647;
			files = (
			);
			runOnlyForDeploymentPostprocessing = 0;
		};
/* End PBXFrameworksBuildPhase section */

/* Begin PBXGroup section */
		942551812A2504A7005B6BF7 = {
			isa = PBXGroup;
			children = (
				9425518C2A2504A7005B6BF7 /* BAZABUN */,
				9425518B2A2504A7005B6BF7 /* Products */,
			);
			sourceTree = "<group>";
		};
		9425518B2A2504A7005B6BF7 /* Products */ = {
			isa = PBXGroup;
			children = (
				9425518A2A2504A7005B6BF7 /* BAZABUN.app */,
			);
			name = Products;
			sourceTree = "<group>";
		};
		9425518C2A2504A7005B6BF7 /* BAZABUN */ = {
			isa = PBXGroup;
			children = (
				942551A82A25086A005B6BF7 /* Fonts */,
				94FFAFFB2A25EFF3000AFEF4 /* Model */,
				9425518F2A2504A7005B6BF7 /* SceneDelegate.swift */,
				94FFB0092A28F54E000AFEF4 /* MainViewController.swift */,
				9425518D2A2504A7005B6BF7 /* AppDelegate.swift */,
				94FFAFFE2A2766E6000AFEF4 /* ListTableViewController.swift */,
				94FFB0042A27829D000AFEF4 /* InfoAboutViewController.swift */,
				94F13C022A25EC3C008D93AC /* Storyboards */,
				942551962A2504A8005B6BF7 /* Assets.xcassets */,
				94FFB0062A2863CE000AFEF4 /* Colors */,
				9425519B2A2504A8005B6BF7 /* Info.plist */,
			);
			path = BAZABUN;
			sourceTree = "<group>";
		};
		942551A82A25086A005B6BF7 /* Fonts */ = {
			isa = PBXGroup;
			children = (
				94FFB0002A277EA6000AFEF4 /* Intro.otf */,
				94FFB0072A286E72000AFEF4 /* centurygothic.ttf */,
				946175CE2A2B5DB0008B5866 /* progress.otf */,
			);
			path = Fonts;
			sourceTree = "<group>";
		};
		94F13C022A25EC3C008D93AC /* Storyboards */ = {
			isa = PBXGroup;
			children = (
				942551932A2504A7005B6BF7 /* Main.storyboard */,
				94F13C002A25EC27008D93AC /* List.storyboard */,
				94FFB0022A278281000AFEF4 /* InfoAbout.storyboard */,
				942551982A2504A8005B6BF7 /* LaunchScreen.storyboard */,
			);
			path = Storyboards;
			sourceTree = "<group>";
		};
		94FFAFFB2A25EFF3000AFEF4 /* Model */ = {
			isa = PBXGroup;
			children = (
				94FFAFF92A25EFEA000AFEF4 /* Food.swift */,
			);
			path = Model;
			sourceTree = "<group>";
		};
		94FFB0062A2863CE000AFEF4 /* Colors */ = {
			isa = PBXGroup;
			children = (
				94FFAFFC2A25F0DB000AFEF4 /* Colors.swift */,
			);
			path = Colors;
			sourceTree = "<group>";
		};
/* End PBXGroup section */

/* Begin PBXNativeTarget section */
		942551892A2504A7005B6BF7 /* BAZABUN */ = {
			isa = PBXNativeTarget;
			buildConfigurationList = 9425519E2A2504A8005B6BF7 /* Build configuration list for PBXNativeTarget "BAZABUN" */;
			buildPhases = (
				942551862A2504A7005B6BF7 /* Sources */,
				942551872A2504A7005B6BF7 /* Frameworks */,
				942551882A2504A7005B6BF7 /* Resources */,
			);
			buildRules = (
			);
			dependencies = (
			);
			name = BAZABUN;
			productName = BAZABUN;
			productReference = 9425518A2A2504A7005B6BF7 /* BAZABUN.app */;
			productType = "com.apple.product-type.application";
		};
/* End PBXNativeTarget section */

/* Begin PBXProject section */
		942551822A2504A7005B6BF7 /* Project object */ = {
			isa = PBXProject;
			attributes = {
				BuildIndependentTargetsInParallel = 1;
				LastSwiftUpdateCheck = 1430;
				LastUpgradeCheck = 1430;
				TargetAttributes = {
					942551892A2504A7005B6BF7 = {
						CreatedOnToolsVersion = 14.3;
					};
				};
			};
			buildConfigurationList = 942551852A2504A7005B6BF7 /* Build configuration list for PBXProject "BAZABUN" */;
			compatibilityVersion = "Xcode 14.0";
			developmentRegion = en;
			hasScannedForEncodings = 0;
			knownRegions = (
				en,
				Base,
			);
			mainGroup = 942551812A2504A7005B6BF7;
			productRefGroup = 9425518B2A2504A7005B6BF7 /* Products */;
			projectDirPath = "";
			projectRoot = "";
			targets = (
				942551892A2504A7005B6BF7 /* BAZABUN */,
			);
		};
/* End PBXProject section */

/* Begin PBXResourcesBuildPhase section */
		942551882A2504A7005B6BF7 /* Resources */ = {
			isa = PBXResourcesBuildPhase;
			buildActionMask = 2147483647;
			files = (
				946175CF2A2B5DB0008B5866 /* progress.otf in Resources */,
				94FFB0012A277EA6000AFEF4 /* Intro.otf in Resources */,
				9425519A2A2504A8005B6BF7 /* LaunchScreen.storyboard in Resources */,
				942551972A2504A8005B6BF7 /* Assets.xcassets in Resources */,
				942551952A2504A7005B6BF7 /* Main.storyboard in Resources */,
				94FFB0082A286E72000AFEF4 /* centurygothic.ttf in Resources */,
				94FFB0032A278281000AFEF4 /* InfoAbout.storyboard in Resources */,
				94F13C012A25EC27008D93AC /* List.storyboard in Resources */,
			);
			runOnlyForDeploymentPostprocessing = 0;
		};
/* End PBXResourcesBuildPhase section */

/* Begin PBXSourcesBuildPhase section */
		942551862A2504A7005B6BF7 /* Sources */ = {
			isa = PBXSourcesBuildPhase;
			buildActionMask = 2147483647;
			files = (
				94FFB00A2A28F54E000AFEF4 /* MainViewController.swift in Sources */,
				94FFAFFD2A25F0DB000AFEF4 /* Colors.swift in Sources */,
				9425518E2A2504A7005B6BF7 /* AppDelegate.swift in Sources */,
				94FFAFFA2A25EFEA000AFEF4 /* Food.swift in Sources */,
				942551902A2504A7005B6BF7 /* SceneDelegate.swift in Sources */,
				94FFB0052A27829D000AFEF4 /* InfoAboutViewController.swift in Sources */,
				94FFAFFF2A2766E6000AFEF4 /* ListTableViewController.swift in Sources */,
			);
			runOnlyForDeploymentPostprocessing = 0;
		};
/* End PBXSourcesBuildPhase section */

/* Begin PBXVariantGroup section */
		942551932A2504A7005B6BF7 /* Main.storyboard */ = {
			isa = PBXVariantGroup;
			children = (
				942551942A2504A7005B6BF7 /* Base */,
			);
			name = Main.storyboard;
			sourceTree = "<group>";
		};
		942551982A2504A8005B6BF7 /* LaunchScreen.storyboard */ = {
			isa = PBXVariantGroup;
			children = (
				942551992A2504A8005B6BF7 /* Base */,
			);
			name = LaunchScreen.storyboard;
			sourceTree = "<group>";
		};
/* End PBXVariantGroup section */

/* Begin XCBuildConfiguration section */
		9425519C2A2504A8005B6BF7 /* Debug */ = {
			isa = XCBuildConfiguration;
			buildSettings = {
				ALWAYS_SEARCH_USER_PATHS = NO;
				CLANG_ANALYZER_NONNULL = YES;
				CLANG_ANALYZER_NUMBER_OBJECT_CONVERSION = YES_AGGRESSIVE;
				CLANG_CXX_LANGUAGE_STANDARD = "gnu++20";
				CLANG_ENABLE_MODULES = YES;
				CLANG_ENABLE_OBJC_ARC = YES;
				CLANG_ENABLE_OBJC_WEAK = YES;
				CLANG_WARN_BLOCK_CAPTURE_AUTORELEASING = YES;
				CLANG_WARN_BOOL_CONVERSION = YES;
				CLANG_WARN_COMMA = YES;
				CLANG_WARN_CONSTANT_CONVERSION = YES;
				CLANG_WARN_DEPRECATED_OBJC_IMPLEMENTATIONS = YES;
				CLANG_WARN_DIRECT_OBJC_ISA_USAGE = YES_ERROR;
				CLANG_WARN_DOCUMENTATION_COMMENTS = YES;
				CLANG_WARN_EMPTY_BODY = YES;
				CLANG_WARN_ENUM_CONVERSION = YES;
				CLANG_WARN_INFINITE_RECURSION = YES;
				CLANG_WARN_INT_CONVERSION = YES;
				CLANG_WARN_NON_LITERAL_NULL_CONVERSION = YES;
				CLANG_WARN_OBJC_IMPLICIT_RETAIN_SELF = YES;
				CLANG_WARN_OBJC_LITERAL_CONVERSION = YES;
				CLANG_WARN_OBJC_ROOT_CLASS = YES_ERROR;
				CLANG_WARN_QUOTED_INCLUDE_IN_FRAMEWORK_HEADER = YES;
				CLANG_WARN_RANGE_LOOP_ANALYSIS = YES;
				CLANG_WARN_STRICT_PROTOTYPES = YES;
				CLANG_WARN_SUSPICIOUS_MOVE = YES;
				CLANG_WARN_UNGUARDED_AVAILABILITY = YES_AGGRESSIVE;
				CLANG_WARN_UNREACHABLE_CODE = YES;
				CLANG_WARN__DUPLICATE_METHOD_MATCH = YES;
				COPY_PHASE_STRIP = NO;
				DEBUG_INFORMATION_FORMAT = dwarf;
				ENABLE_STRICT_OBJC_MSGSEND = YES;
				ENABLE_TESTABILITY = YES;
				GCC_C_LANGUAGE_STANDARD = gnu11;
				GCC_DYNAMIC_NO_PIC = NO;
				GCC_NO_COMMON_BLOCKS = YES;
				GCC_OPTIMIZATION_LEVEL = 0;
				GCC_PREPROCESSOR_DEFINITIONS = (
					"DEBUG=1",
					"$(inherited)",
				);
				GCC_WARN_64_TO_32_BIT_CONVERSION = YES;
				GCC_WARN_ABOUT_RETURN_TYPE = YES_ERROR;
				GCC_WARN_UNDECLARED_SELECTOR = YES;
				GCC_WARN_UNINITIALIZED_AUTOS = YES_AGGRESSIVE;
				GCC_WARN_UNUSED_FUNCTION = YES;
				GCC_WARN_UNUSED_VARIABLE = YES;
				IPHONEOS_DEPLOYMENT_TARGET = 16.4;
				MTL_ENABLE_DEBUG_INFO = INCLUDE_SOURCE;
				MTL_FAST_MATH = YES;
				ONLY_ACTIVE_ARCH = YES;
				SDKROOT = iphoneos;
				SWIFT_ACTIVE_COMPILATION_CONDITIONS = DEBUG;
				SWIFT_OPTIMIZATION_LEVEL = "-Onone";
			};
			name = Debug;
		};
		9425519D2A2504A8005B6BF7 /* Release */ = {
			isa = XCBuildConfiguration;
			buildSettings = {
				ALWAYS_SEARCH_USER_PATHS = NO;
				CLANG_ANALYZER_NONNULL = YES;
				CLANG_ANALYZER_NUMBER_OBJECT_CONVERSION = YES_AGGRESSIVE;
				CLANG_CXX_LANGUAGE_STANDARD = "gnu++20";
				CLANG_ENABLE_MODULES = YES;
				CLANG_ENABLE_OBJC_ARC = YES;
				CLANG_ENABLE_OBJC_WEAK = YES;
				CLANG_WARN_BLOCK_CAPTURE_AUTORELEASING = YES;
				CLANG_WARN_BOOL_CONVERSION = YES;
				CLANG_WARN_COMMA = YES;
				CLANG_WARN_CONSTANT_CONVERSION = YES;
				CLANG_WARN_DEPRECATED_OBJC_IMPLEMENTATIONS = YES;
				CLANG_WARN_DIRECT_OBJC_ISA_USAGE = YES_ERROR;
				CLANG_WARN_DOCUMENTATION_COMMENTS = YES;
				CLANG_WARN_EMPTY_BODY = YES;
				CLANG_WARN_ENUM_CONVERSION = YES;
				CLANG_WARN_INFINITE_RECURSION = YES;
				CLANG_WARN_INT_CONVERSION = YES;
				CLANG_WARN_NON_LITERAL_NULL_CONVERSION = YES;
				CLANG_WARN_OBJC_IMPLICIT_RETAIN_SELF = YES;
				CLANG_WARN_OBJC_LITERAL_CONVERSION = YES;
				CLANG_WARN_OBJC_ROOT_CLASS = YES_ERROR;
				CLANG_WARN_QUOTED_INCLUDE_IN_FRAMEWORK_HEADER = YES;
				CLANG_WARN_RANGE_LOOP_ANALYSIS = YES;
				CLANG_WARN_STRICT_PROTOTYPES = YES;
				CLANG_WARN_SUSPICIOUS_MOVE = YES;
				CLANG_WARN_UNGUARDED_AVAILABILITY = YES_AGGRESSIVE;
				CLANG_WARN_UNREACHABLE_CODE = YES;
				CLANG_WARN__DUPLICATE_METHOD_MATCH = YES;
				COPY_PHASE_STRIP = NO;
				DEBUG_INFORMATION_FORMAT = "dwarf-with-dsym";
				ENABLE_NS_ASSERTIONS = NO;
				ENABLE_STRICT_OBJC_MSGSEND = YES;
				GCC_C_LANGUAGE_STANDARD = gnu11;
				GCC_NO_COMMON_BLOCKS = YES;
				GCC_WARN_64_TO_32_BIT_CONVERSION = YES;
				GCC_WARN_ABOUT_RETURN_TYPE = YES_ERROR;
				GCC_WARN_UNDECLARED_SELECTOR = YES;
				GCC_WARN_UNINITIALIZED_AUTOS = YES_AGGRESSIVE;
				GCC_WARN_UNUSED_FUNCTION = YES;
				GCC_WARN_UNUSED_VARIABLE = YES;
				IPHONEOS_DEPLOYMENT_TARGET = 16.4;
				MTL_ENABLE_DEBUG_INFO = NO;
				MTL_FAST_MATH = YES;
				SDKROOT = iphoneos;
				SWIFT_COMPILATION_MODE = wholemodule;
				SWIFT_OPTIMIZATION_LEVEL = "-O";
				VALIDATE_PRODUCT = YES;
			};
			name = Release;
		};
		9425519F2A2504A8005B6BF7 /* Debug */ = {
			isa = XCBuildConfiguration;
			buildSettings = {
				ASSETCATALOG_COMPILER_APPICON_NAME = AppIcon;
				ASSETCATALOG_COMPILER_GLOBAL_ACCENT_COLOR_NAME = AccentColor;
				CODE_SIGN_STYLE = Automatic;
				CURRENT_PROJECT_VERSION = 1;
				DEVELOPMENT_TEAM = 6PZ2VM529M;
				GENERATE_INFOPLIST_FILE = YES;
				INFOPLIST_FILE = BAZABUN/Info.plist;
				INFOPLIST_KEY_UIApplicationSupportsIndirectInputEvents = YES;
				INFOPLIST_KEY_UILaunchStoryboardName = LaunchScreen;
				INFOPLIST_KEY_UIMainStoryboardFile = Main;
				INFOPLIST_KEY_UISupportedInterfaceOrientations_iPad = "UIInterfaceOrientationPortrait UIInterfaceOrientationPortraitUpsideDown UIInterfaceOrientationLandscapeLeft UIInterfaceOrientationLandscapeRight";
				INFOPLIST_KEY_UISupportedInterfaceOrientations_iPhone = "UIInterfaceOrientationPortrait UIInterfaceOrientationLandscapeLeft UIInterfaceOrientationLandscapeRight";
				LD_RUNPATH_SEARCH_PATHS = (
					"$(inherited)",
					"@executable_path/Frameworks",
				);
				MARKETING_VERSION = 1.0;
				PRODUCT_BUNDLE_IDENTIFIER = ArtemyDerik.BAZABUN;
				PRODUCT_NAME = "$(TARGET_NAME)";
				SUPPORTED_PLATFORMS = "iphoneos iphonesimulator";
				SUPPORTS_MACCATALYST = NO;
				SUPPORTS_MAC_DESIGNED_FOR_IPHONE_IPAD = NO;
				SWIFT_EMIT_LOC_STRINGS = YES;
				SWIFT_VERSION = 5.0;
				TARGETED_DEVICE_FAMILY = 1;
			};
			name = Debug;
		};
		942551A02A2504A8005B6BF7 /* Release */ = {
			isa = XCBuildConfiguration;
			buildSettings = {
				ASSETCATALOG_COMPILER_APPICON_NAME = AppIcon;
				ASSETCATALOG_COMPILER_GLOBAL_ACCENT_COLOR_NAME = AccentColor;
				CODE_SIGN_STYLE = Automatic;
				CURRENT_PROJECT_VERSION = 1;
				DEVELOPMENT_TEAM = 6PZ2VM529M;
				GENERATE_INFOPLIST_FILE = YES;
				INFOPLIST_FILE = BAZABUN/Info.plist;
				INFOPLIST_KEY_UIApplicationSupportsIndirectInputEvents = YES;
				INFOPLIST_KEY_UILaunchStoryboardName = LaunchScreen;
				INFOPLIST_KEY_UIMainStoryboardFile = Main;
				INFOPLIST_KEY_UISupportedInterfaceOrientations_iPad = "UIInterfaceOrientationPortrait UIInterfaceOrientationPortraitUpsideDown UIInterfaceOrientationLandscapeLeft UIInterfaceOrientationLandscapeRight";
				INFOPLIST_KEY_UISupportedInterfaceOrientations_iPhone = "UIInterfaceOrientationPortrait UIInterfaceOrientationLandscapeLeft UIInterfaceOrientationLandscapeRight";
				LD_RUNPATH_SEARCH_PATHS = (
					"$(inherited)",
					"@executable_path/Frameworks",
				);
				MARKETING_VERSION = 1.0;
				PRODUCT_BUNDLE_IDENTIFIER = ArtemyDerik.BAZABUN;
				PRODUCT_NAME = "$(TARGET_NAME)";
				SUPPORTED_PLATFORMS = "iphoneos iphonesimulator";
				SUPPORTS_MACCATALYST = NO;
				SUPPORTS_MAC_DESIGNED_FOR_IPHONE_IPAD = NO;
				SWIFT_EMIT_LOC_STRINGS = YES;
				SWIFT_VERSION = 5.0;
				TARGETED_DEVICE_FAMILY = 1;
			};
			name = Release;
		};
/* End XCBuildConfiguration section */

/* Begin XCConfigurationList section */
		942551852A2504A7005B6BF7 /* Build configuration list for PBXProject "BAZABUN" */ = {
			isa = XCConfigurationList;
			buildConfigurations = (
				9425519C2A2504A8005B6BF7 /* Debug */,
				9425519D2A2504A8005B6BF7 /* Release */,
			);
			defaultConfigurationIsVisible = 0;
			defaultConfigurationName = Release;
		};
		9425519E2A2504A8005B6BF7 /* Build configuration list for PBXNativeTarget "BAZABUN" */ = {
			isa = XCConfigurationList;
			buildConfigurations = (
				9425519F2A2504A8005B6BF7 /* Debug */,
				942551A02A2504A8005B6BF7 /* Release */,
			);
			defaultConfigurationIsVisible = 0;
			defaultConfigurationName = Release;
		};
/* End XCConfigurationList section */
	};
	rootObject = 942551822A2504A7005B6BF7 /* Project object */;
}
